{
  "name": "automerge-client",
  "version": "0.0.1",
  "lockfileVersion": 1,
  "requires": true,
  "dependencies": {
    "automerge": {
      "version": "0.8.0",
      "resolved": "https://registry.npmjs.org/automerge/-/automerge-0.8.0.tgz",
      "integrity": "sha512-TB+b+N/VATzQH3hQrzAmTvfyyo04SNUer9ml4M1PRSQ4Bq0OYgclqi3hdYlNG4d/rSWKq897nbkg7gbni7CV2w==",
      "requires": {
        "immutable": "^3.8.2",
        "transit-immutable-js": "^0.7.0",
        "transit-js": "^0.8.861",
        "uuid": "3.1.0"
      }
    },
    "esm": {
      "version": "3.0.82",
      "resolved": "https://registry.npmjs.org/esm/-/esm-3.0.82.tgz",
      "integrity": "sha512-vakh2il2Q9QdwCUEiFQqtamOANcGATh5OlMRLaXsvOhuuzr/SXdngYw1rwJjesrljbnsq3+UZ5+3Y3uszc/U/w=="
    },
    "immutable": {
      "version": "3.8.2",
      "resolved": "https://registry.npmjs.org/immutable/-/immutable-3.8.2.tgz",
      "integrity": "sha1-wkOZUUVbs5kT2vKBN28VMOEErfM="
    },
    "transit-immutable-js": {
      "version": "0.7.0",
      "resolved": "https://registry.npmjs.org/transit-immutable-js/-/transit-immutable-js-0.7.0.tgz",
      "integrity": "sha1-mT4lCJtjEf9AIUD1VidtbSUwBdk="
    },
    "transit-js": {
      "version": "0.8.861",
      "resolved": "https://registry.npmjs.org/transit-js/-/transit-js-0.8.861.tgz",
      "integrity": "sha512-4O9OrYPZw6C0M5gMTvaeOp+xYz6EF79JsyxIvqXHlt+pisSrioJWFOE80N8aCPoJLcNaXF442RZrVtdmd4wkDQ=="
    },
    "uuid": {
      "version": "3.1.0",
      "resolved": "https://registry.npmjs.org/uuid/-/uuid-3.1.0.tgz",
      "integrity": "sha512-DIWtzUkw04M4k3bf1IcpS2tngXEL26YUD2M0tMDUpnUrz2hgzUBlD55a4FjdLGPvfHxS6uluGWvaVEqgBcVa+g=="
    }
  }
}
