{
  "name": "automerge-client-test",
  "version": "0.0.1",
  "lockfileVersion": 1,
  "requires": true,
  "dependencies": {
    "async-limiter": {
      "version": "1.0.0",
      "resolved": "https://registry.npmjs.org/async-limiter/-/async-limiter-1.0.0.tgz",
      "integrity": "sha512-jp/uFnooOiO+L211eZOoSyzpOITMXx1rBITauYykG3BRYPu8h0UcxsPNB04RR5vo4Tyz3+ay17tR6JVf9qzYWg=="
    },
    "automerge": {
      "version": "0.8.0",
      "resolved": "https://registry.npmjs.org/automerge/-/automerge-0.8.0.tgz",
      "integrity": "sha512-TB+b+N/VATzQH3hQrzAmTvfyyo04SNUer9ml4M1PRSQ4Bq0OYgclqi3hdYlNG4d/rSWKq897nbkg7gbni7CV2w==",
      "requires": {
        "immutable": "^3.8.2",
        "transit-immutable-js": "^0.7.0",
        "transit-js": "^0.8.861",
        "uuid": "3.1.0"
      }
    },
    "automerge-client": {
      "version": "file:../automerge-client",
      "requires": {
        "automerge": "^0.8.0",
        "esm": "^3.0.82"
      },
      "dependencies": {
        "automerge": {
          "version": "0.8.0",
          "bundled": true,
          "requires": {
            "immutable": "^3.8.2",
            "transit-immutable-js": "^0.7.0",
            "transit-js": "^0.8.861",
            "uuid": "3.1.0"
          }
        },
        "esm": {
          "version": "3.0.82",
          "bundled": true
        },
        "immutable": {
          "version": "3.8.2",
          "bundled": true
        },
        "transit-immutable-js": {
          "version": "0.7.0",
          "bundled": true
        },
        "transit-js": {
          "version": "0.8.861",
          "bundled": true
        },
        "uuid": {
          "version": "3.1.0",
          "bundled": true
        }
      }
    },
    "immutable": {
      "version": "3.8.2",
      "resolved": "https://registry.npmjs.org/immutable/-/immutable-3.8.2.tgz",
      "integrity": "sha1-wkOZUUVbs5kT2vKBN28VMOEErfM="
    },
    "safe-buffer": {
      "version": "5.1.2",
      "resolved": "https://registry.npmjs.org/safe-buffer/-/safe-buffer-5.1.2.tgz",
      "integrity": "sha512-Gd2UZBJDkXlY7GbJxfsE8/nvKkUEU1G38c1siN6QP6a9PT9MmHB8GnpscSmMJSoF8LOIrt8ud/wPtojys4G6+g=="
    },
    "transit-immutable-js": {
      "version": "0.7.0",
      "resolved": "https://registry.npmjs.org/transit-immutable-js/-/transit-immutable-js-0.7.0.tgz",
      "integrity": "sha1-mT4lCJtjEf9AIUD1VidtbSUwBdk="
    },
    "transit-js": {
      "version": "0.8.861",
      "resolved": "https://registry.npmjs.org/transit-js/-/transit-js-0.8.861.tgz",
      "integrity": "sha512-4O9OrYPZw6C0M5gMTvaeOp+xYz6EF79JsyxIvqXHlt+pisSrioJWFOE80N8aCPoJLcNaXF442RZrVtdmd4wkDQ=="
    },
    "ultron": {
      "version": "1.1.1",
      "resolved": "https://registry.npmjs.org/ultron/-/ultron-1.1.1.tgz",
      "integrity": "sha512-UIEXBNeYmKptWH6z8ZnqTeS8fV74zG0/eRU9VGkpzz+LIJNs8W/zM/L+7ctCkRrgbNnnR0xxw4bKOr0cW0N0Og=="
    },
    "universal-websocket-client": {
      "version": "1.0.2",
      "resolved": "https://registry.npmjs.org/universal-websocket-client/-/universal-websocket-client-1.0.2.tgz",
      "integrity": "sha512-Pi6BdJtEAISb77GTbOLBLIWdYGezXgnJejrVBYKXxzNTsLcjJS+mWIJ2BRZElSlOG/wc7+yfOe5y30bzTu3Qqg==",
      "requires": {
        "ws": "^3.3.3"
      }
    },
    "uuid": {
      "version": "3.1.0",
      "resolved": "https://registry.npmjs.org/uuid/-/uuid-3.1.0.tgz",
      "integrity": "sha512-DIWtzUkw04M4k3bf1IcpS2tngXEL26YUD2M0tMDUpnUrz2hgzUBlD55a4FjdLGPvfHxS6uluGWvaVEqgBcVa+g=="
    },
    "ws": {
      "version": "3.3.3",
      "resolved": "https://registry.npmjs.org/ws/-/ws-3.3.3.tgz",
      "integrity": "sha512-nnWLa/NwZSt4KQJu51MYlCcSQ5g7INpOrOMt4XV8j4dqTXdmlUmSHQ8/oLC069ckre0fRsgfvsKwbTdtKLCDkA==",
      "requires": {
        "async-limiter": "~1.0.0",
        "safe-buffer": "~5.1.0",
        "ultron": "~1.1.0"
      }
    }
  }
}
